github.com/aclements/go-moremath v0.0.0-20210112150236-f10218a38794 h1:xlwdaKcTNVW4PtpQb8aKA4Pjy0CdJHEqvFbAnvR5m2g=
github.com/aclements/go-moremath v0.0.0-20210112150236-f10218a38794/go.mod h1:7e+I0LQFUI9AXWxOfsQROs9xPhoJtbsyWcjJqDd4KPY=
github.com/veandco/go-sdl2 v0.4.38 h1:lx8syOA2ccXlgViYkQe2Kn/4xt+p9mdd1Qc/yYMrmSo=
github.com/veandco/go-sdl2 v0.4.38/go.mod h1:OROqMhHD43nT4/i9crJukyVecjPNYYuCofep6SNiAjY=
golang.org/x/perf v0.0.0-20241004173025-94b0db8a2472 h1:kifBcAOhV9fBI1RN0vai5zSvvOjhBTjvymGbRIKB0M4=
golang.org/x/perf v0.0.0-20241004173025-94b0db8a2472/go.mod h1:wLQChX6XSStqGCueXQW/40U3ucTK44jnINeZ0omqPIQ=
